
Microsoft Visual Studio Solution File, Format Version 12.00
# Visual Studio Version 17
VisualStudioVersion = 17.0.32014.148
MinimumVisualStudioVersion = 10.0.40219.1
Project("{FAE04EC0-301F-11D3-BF4B-00C04F79EFBC}") = "ExtensionMethods", "ExtensionMethods\ExtensionMethods.csproj", "{44FB1BD2-E6F4-4368-BFF0-B93A771E9065}"
EndProject
Global
	GlobalSection(SolutionConfigurationPlatforms) = preSolution
		Debug|Any CPU = Debug|Any CPU
		Release|Any CPU = Release|Any CPU
	EndGlobalSection
	GlobalSection(ProjectConfigurationPlatforms) = postSolution
		{44FB1BD2-E6F4-4368-BFF0-B93A771E9065}.Debug|Any CPU.ActiveCfg = Debug|Any CPU
		{44FB1BD2-E6F4-4368-BFF0-B93A771E9065}.Debug|Any CPU.Build.0 = Debug|Any CPU
		{44FB1BD2-E6F4-4368-BFF0-B93A771E9065}.Release|Any CPU.ActiveCfg = Release|Any CPU
		{44FB1BD2-E6F4-4368-BFF0-B93A771E9065}.Release|Any CPU.Build.0 = Release|Any CPU
	EndGlobalSection
	GlobalSection(SolutionProperties) = preSolution
		HideSolutionNode = FALSE
	EndGlobalSection
	GlobalSection(ExtensibilityGlobals) = postSolution
		SolutionGuid = {59DD42B4-0FE5-434C-AAD9-3C299F04342E}
	EndGlobalSection
EndGlobal
