
Microsoft Visual Studio Solution File, Format Version 12.00
# Visual Studio Version 17
VisualStudioVersion = 17.0.32014.148
MinimumVisualStudioVersion = 10.0.40219.1
Project("{FAE04EC0-301F-11D3-BF4B-00C04F79EFBC}") = "Exercise3_1_5", "Exercise3_1_5\Exercise3_1_5.csproj", "{BE740AB4-3E53-461E-B3C8-123D979F0540}"
EndProject
Global
	GlobalSection(SolutionConfigurationPlatforms) = preSolution
		Debug|Any CPU = Debug|Any CPU
		Release|Any CPU = Release|Any CPU
	EndGlobalSection
	GlobalSection(ProjectConfigurationPlatforms) = postSolution
		{BE740AB4-3E53-461E-B3C8-123D979F0540}.Debug|Any CPU.ActiveCfg = Debug|Any CPU
		{BE740AB4-3E53-461E-B3C8-123D979F0540}.Debug|Any CPU.Build.0 = Debug|Any CPU
		{BE740AB4-3E53-461E-B3C8-123D979F0540}.Release|Any CPU.ActiveCfg = Release|Any CPU
		{BE740AB4-3E53-461E-B3C8-123D979F0540}.Release|Any CPU.Build.0 = Release|Any CPU
	EndGlobalSection
	GlobalSection(SolutionProperties) = preSolution
		HideSolutionNode = FALSE
	EndGlobalSection
	GlobalSection(ExtensibilityGlobals) = postSolution
		SolutionGuid = {D9041A07-8810-4A9D-87B9-F60934A6E383}
	EndGlobalSection
EndGlobal
