
Microsoft Visual Studio Solution File, Format Version 12.00
Project("{2150E333-8FDC-42A3-9474-1A3956D46DE8}") = "Lektion1Opgaver", "Lektion1Opgaver", "{D5A6FE99-2527-4BF1-900B-E497792CBA42}"
EndProject
Project("{FAE04EC0-301F-11D3-BF4B-00C04F79EFBC}") = "L01App", "L01App\L01App.csproj", "{D411EA4F-4928-48D0-B985-8C103E7167CD}"
EndProject
Project("{FAE04EC0-301F-11D3-BF4B-00C04F79EFBC}") = "MyLibrary", "MyLibrary\MyLibrary.csproj", "{8EAE2B48-EF1F-44F5-9407-C1A08DE7EEE6}"
EndProject
Project("{2150E333-8FDC-42A3-9474-1A3956D46DE8}") = "Lektion2", "Lektion2", "{9F201A36-96AD-413E-A527-16EBAB72903C}"
EndProject
Project("{FAE04EC0-301F-11D3-BF4B-00C04F79EFBC}") = "L02App", "L02App\L02App.csproj", "{D6910987-39B6-40F7-8ECB-7F4708E907B7}"
EndProject
Project("{2150E333-8FDC-42A3-9474-1A3956D46DE8}") = "Lektion3", "Lektion3", "{DDCC04E2-3E5B-4BCC-81D9-EDC018DAB193}"
EndProject
Project("{FAE04EC0-301F-11D3-BF4B-00C04F79EFBC}") = "L03 Opg3.1", "L03 Opg3.1\L03 Opg3.1.csproj", "{A3667B59-979A-4B6F-BA07-85C98CD2F50B}"
EndProject
Project("{FAE04EC0-301F-11D3-BF4B-00C04F79EFBC}") = "L02Eksempler", "L02Eksempler\L02Eksempler.csproj", "{AD0FBD0E-EACB-49BB-8CD0-52EEAA951533}"
EndProject
Project("{FAE04EC0-301F-11D3-BF4B-00C04F79EFBC}") = "L02Losninger", "L02Losninger\L02Losninger.csproj", "{7CCB3401-7F76-4ABB-A079-F706DDB8B231}"
EndProject
Project("{FAE04EC0-301F-11D3-BF4B-00C04F79EFBC}") = "L03Eksempler", "L03Eksempler\L03Eksempler.csproj", "{C042998B-AC35-407D-8F7A-44D2E97553DC}"
EndProject
Project("{FAE04EC0-301F-11D3-BF4B-00C04F79EFBC}") = "L03Losninger", "L03Losninger\L03Losninger.csproj", "{539611F2-8155-4C6A-9AC0-7486785F0DB1}"
EndProject
Project("{2150E333-8FDC-42A3-9474-1A3956D46DE8}") = "L03Losninger", "L03Losninger", "{C249F754-3FA7-4E74-93AD-395F751AA54F}"
EndProject
Project("{FAE04EC0-301F-11D3-BF4B-00C04F79EFBC}") = "L03 Opg3.2", "L03 Opg3.2\L03 Opg3.2.csproj", "{218CA363-860C-4890-8FF2-F501DD7A6366}"
EndProject
Global
	GlobalSection(SolutionConfigurationPlatforms) = preSolution
		Debug|Any CPU = Debug|Any CPU
		Release|Any CPU = Release|Any CPU
	EndGlobalSection
	GlobalSection(ProjectConfigurationPlatforms) = postSolution
		{D411EA4F-4928-48D0-B985-8C103E7167CD}.Debug|Any CPU.ActiveCfg = Debug|Any CPU
		{D411EA4F-4928-48D0-B985-8C103E7167CD}.Debug|Any CPU.Build.0 = Debug|Any CPU
		{D411EA4F-4928-48D0-B985-8C103E7167CD}.Release|Any CPU.ActiveCfg = Release|Any CPU
		{D411EA4F-4928-48D0-B985-8C103E7167CD}.Release|Any CPU.Build.0 = Release|Any CPU
		{8EAE2B48-EF1F-44F5-9407-C1A08DE7EEE6}.Debug|Any CPU.ActiveCfg = Debug|Any CPU
		{8EAE2B48-EF1F-44F5-9407-C1A08DE7EEE6}.Debug|Any CPU.Build.0 = Debug|Any CPU
		{8EAE2B48-EF1F-44F5-9407-C1A08DE7EEE6}.Release|Any CPU.ActiveCfg = Release|Any CPU
		{8EAE2B48-EF1F-44F5-9407-C1A08DE7EEE6}.Release|Any CPU.Build.0 = Release|Any CPU
		{D6910987-39B6-40F7-8ECB-7F4708E907B7}.Debug|Any CPU.ActiveCfg = Debug|Any CPU
		{D6910987-39B6-40F7-8ECB-7F4708E907B7}.Debug|Any CPU.Build.0 = Debug|Any CPU
		{D6910987-39B6-40F7-8ECB-7F4708E907B7}.Release|Any CPU.ActiveCfg = Release|Any CPU
		{D6910987-39B6-40F7-8ECB-7F4708E907B7}.Release|Any CPU.Build.0 = Release|Any CPU
		{A3667B59-979A-4B6F-BA07-85C98CD2F50B}.Debug|Any CPU.ActiveCfg = Debug|Any CPU
		{A3667B59-979A-4B6F-BA07-85C98CD2F50B}.Debug|Any CPU.Build.0 = Debug|Any CPU
		{A3667B59-979A-4B6F-BA07-85C98CD2F50B}.Release|Any CPU.ActiveCfg = Release|Any CPU
		{A3667B59-979A-4B6F-BA07-85C98CD2F50B}.Release|Any CPU.Build.0 = Release|Any CPU
		{AD0FBD0E-EACB-49BB-8CD0-52EEAA951533}.Debug|Any CPU.ActiveCfg = Debug|Any CPU
		{AD0FBD0E-EACB-49BB-8CD0-52EEAA951533}.Debug|Any CPU.Build.0 = Debug|Any CPU
		{AD0FBD0E-EACB-49BB-8CD0-52EEAA951533}.Release|Any CPU.ActiveCfg = Release|Any CPU
		{AD0FBD0E-EACB-49BB-8CD0-52EEAA951533}.Release|Any CPU.Build.0 = Release|Any CPU
		{7CCB3401-7F76-4ABB-A079-F706DDB8B231}.Debug|Any CPU.ActiveCfg = Debug|Any CPU
		{7CCB3401-7F76-4ABB-A079-F706DDB8B231}.Debug|Any CPU.Build.0 = Debug|Any CPU
		{7CCB3401-7F76-4ABB-A079-F706DDB8B231}.Release|Any CPU.ActiveCfg = Release|Any CPU
		{7CCB3401-7F76-4ABB-A079-F706DDB8B231}.Release|Any CPU.Build.0 = Release|Any CPU
		{C042998B-AC35-407D-8F7A-44D2E97553DC}.Debug|Any CPU.ActiveCfg = Debug|Any CPU
		{C042998B-AC35-407D-8F7A-44D2E97553DC}.Debug|Any CPU.Build.0 = Debug|Any CPU
		{C042998B-AC35-407D-8F7A-44D2E97553DC}.Release|Any CPU.ActiveCfg = Release|Any CPU
		{C042998B-AC35-407D-8F7A-44D2E97553DC}.Release|Any CPU.Build.0 = Release|Any CPU
		{539611F2-8155-4C6A-9AC0-7486785F0DB1}.Debug|Any CPU.ActiveCfg = Debug|Any CPU
		{539611F2-8155-4C6A-9AC0-7486785F0DB1}.Debug|Any CPU.Build.0 = Debug|Any CPU
		{539611F2-8155-4C6A-9AC0-7486785F0DB1}.Release|Any CPU.ActiveCfg = Release|Any CPU
		{539611F2-8155-4C6A-9AC0-7486785F0DB1}.Release|Any CPU.Build.0 = Release|Any CPU
		{218CA363-860C-4890-8FF2-F501DD7A6366}.Debug|Any CPU.ActiveCfg = Debug|Any CPU
		{218CA363-860C-4890-8FF2-F501DD7A6366}.Debug|Any CPU.Build.0 = Debug|Any CPU
		{218CA363-860C-4890-8FF2-F501DD7A6366}.Release|Any CPU.ActiveCfg = Release|Any CPU
		{218CA363-860C-4890-8FF2-F501DD7A6366}.Release|Any CPU.Build.0 = Release|Any CPU
	EndGlobalSection
	GlobalSection(NestedProjects) = preSolution
		{D411EA4F-4928-48D0-B985-8C103E7167CD} = {D5A6FE99-2527-4BF1-900B-E497792CBA42}
		{8EAE2B48-EF1F-44F5-9407-C1A08DE7EEE6} = {D5A6FE99-2527-4BF1-900B-E497792CBA42}
		{D6910987-39B6-40F7-8ECB-7F4708E907B7} = {9F201A36-96AD-413E-A527-16EBAB72903C}
		{A3667B59-979A-4B6F-BA07-85C98CD2F50B} = {DDCC04E2-3E5B-4BCC-81D9-EDC018DAB193}
		{AD0FBD0E-EACB-49BB-8CD0-52EEAA951533} = {9F201A36-96AD-413E-A527-16EBAB72903C}
		{7CCB3401-7F76-4ABB-A079-F706DDB8B231} = {9F201A36-96AD-413E-A527-16EBAB72903C}
		{C042998B-AC35-407D-8F7A-44D2E97553DC} = {DDCC04E2-3E5B-4BCC-81D9-EDC018DAB193}
		{C249F754-3FA7-4E74-93AD-395F751AA54F} = {DDCC04E2-3E5B-4BCC-81D9-EDC018DAB193}
		{539611F2-8155-4C6A-9AC0-7486785F0DB1} = {DDCC04E2-3E5B-4BCC-81D9-EDC018DAB193}
		{218CA363-860C-4890-8FF2-F501DD7A6366} = {DDCC04E2-3E5B-4BCC-81D9-EDC018DAB193}
	EndGlobalSection
EndGlobal
