
Microsoft Visual Studio Solution File, Format Version 12.00
Project("{2150E333-8FDC-42A3-9474-1A3956D46DE8}") = "Lektion1Opgaver", "Lektion1Opgaver", "{D5A6FE99-2527-4BF1-900B-E497792CBA42}"
EndProject
Project("{FAE04EC0-301F-11D3-BF4B-00C04F79EFBC}") = "L01App", "L01App\L01App.csproj", "{D411EA4F-4928-48D0-B985-8C103E7167CD}"
EndProject
Project("{FAE04EC0-301F-11D3-BF4B-00C04F79EFBC}") = "MyLibrary", "MyLibrary\MyLibrary.csproj", "{8EAE2B48-EF1F-44F5-9407-C1A08DE7EEE6}"
EndProject
Project("{2150E333-8FDC-42A3-9474-1A3956D46DE8}") = "Lektion2", "Lektion2", "{9F201A36-96AD-413E-A527-16EBAB72903C}"
EndProject
Project("{FAE04EC0-301F-11D3-BF4B-00C04F79EFBC}") = "L02App", "L02App\L02App.csproj", "{D6910987-39B6-40F7-8ECB-7F4708E907B7}"
EndProject
Project("{2150E333-8FDC-42A3-9474-1A3956D46DE8}") = "Lektion3", "Lektion3", "{DDCC04E2-3E5B-4BCC-81D9-EDC018DAB193}"
EndProject
Project("{FAE04EC0-301F-11D3-BF4B-00C04F79EFBC}") = "L03 Opg3.1", "L03 Opg3.1\L03 Opg3.1.csproj", "{A3667B59-979A-4B6F-BA07-85C98CD2F50B}"
EndProject
Project("{FAE04EC0-301F-11D3-BF4B-00C04F79EFBC}") = "L02Eksempler", "L02Eksempler\L02Eksempler.csproj", "{AD0FBD0E-EACB-49BB-8CD0-52EEAA951533}"
EndProject
Project("{FAE04EC0-301F-11D3-BF4B-00C04F79EFBC}") = "L02Losninger", "L02Losninger\L02Losninger.csproj", "{7CCB3401-7F76-4ABB-A079-F706DDB8B231}"
EndProject
Project("{FAE04EC0-301F-11D3-BF4B-00C04F79EFBC}") = "L03Eksempler", "L03Eksempler\L03Eksempler.csproj", "{C042998B-AC35-407D-8F7A-44D2E97553DC}"
EndProject
Project("{FAE04EC0-301F-11D3-BF4B-00C04F79EFBC}") = "L03Losninger", "L03Losninger\L03Losninger.csproj", "{539611F2-8155-4C6A-9AC0-7486785F0DB1}"
EndProject
Project("{2150E333-8FDC-42A3-9474-1A3956D46DE8}") = "L03Losninger", "L03Losninger", "{C249F754-3FA7-4E74-93AD-395F751AA54F}"
EndProject
Project("{FAE04EC0-301F-11D3-BF4B-00C04F79EFBC}") = "L03 Opg3.2", "L03 Opg3.2\L03 Opg3.2.csproj", "{218CA363-860C-4890-8FF2-F501DD7A6366}"
EndProject
Project("{2150E333-8FDC-42A3-9474-1A3956D46DE8}") = "Lektion4", "Lektion4", "{11EA7338-3D5C-44E5-AFF2-591C17B4A846}"
EndProject
Project("{FAE04EC0-301F-11D3-BF4B-00C04F79EFBC}") = "L04Opg4.1", "L04Opg4.1\L04Opg4.1.csproj", "{C2DF5DDA-5BBD-49FE-8B97-C88950A79F96}"
EndProject
Project("{FAE04EC0-301F-11D3-BF4B-00C04F79EFBC}") = "L04Eksempler", "L04Eksempler\L04Eksempler.csproj", "{43426302-EF88-4C9A-835C-26CBFAE2F36D}"
EndProject
Project("{FAE04EC0-301F-11D3-BF4B-00C04F79EFBC}") = "L04Losninger", "L04Losninger\L04Losninger.csproj", "{C577C10D-C2D9-4696-B04C-CF3ED3323586}"
EndProject
Project("{FAE04EC0-301F-11D3-BF4B-00C04F79EFBC}") = "L04PowerPlant", "L04PowerPlant\L04PowerPlant.csproj", "{7B6C2089-770A-488D-A1C0-65BC18B7941C}"
EndProject
Project("{FAE04EC0-301F-11D3-BF4B-00C04F79EFBC}") = "L04Opg4.3", "L04Opg4.3\L04Opg4.3.csproj", "{42FD7961-D0E1-4295-9914-E455269490FF}"
EndProject
Project("{FAE04EC0-301F-11D3-BF4B-00C04F79EFBC}") = "L04Opg4.5", "L04Opg4.5\L04Opg4.5.csproj", "{7A8BABB7-DE88-49FA-9E89-2AA330BF1E3A}"
EndProject
Project("{2150E333-8FDC-42A3-9474-1A3956D46DE8}") = "Lektion5", "Lektion5", "{48864D28-F2C1-411D-AFCF-52EFC5D6EB9A}"
EndProject
Project("{FAE04EC0-301F-11D3-BF4B-00C04F79EFBC}") = "Opg5.1", "Opg5.1\Opg5.1.csproj", "{B4C5600A-7FBF-4067-93A5-CBE3D10B67FC}"
EndProject
Project("{FAE04EC0-301F-11D3-BF4B-00C04F79EFBC}") = "Eksempler", "Eksempler\Eksempler.csproj", "{FC568C0A-22DF-4546-BF05-5E0D07EDA123}"
EndProject
Project("{FAE04EC0-301F-11D3-BF4B-00C04F79EFBC}") = "Solutions", "Solutions\Solutions.csproj", "{B06F9AC6-FDD1-4B71-B594-A6E4CB28A195}"
EndProject
Project("{FAE04EC0-301F-11D3-BF4B-00C04F79EFBC}") = "Opg5.3", "Opg5.3\Opg5.3.csproj", "{0C641A1F-569F-45FD-9CA2-C3255D33AC8A}"
EndProject
Project("{2150E333-8FDC-42A3-9474-1A3956D46DE8}") = "Lektion6", "Lektion6", "{819B6D0B-9C88-4AB1-BD92-793BB475BD92}"
EndProject
Project("{FAE04EC0-301F-11D3-BF4B-00C04F79EFBC}") = "WebApplication1", "WebApplication1\WebApplication1.csproj", "{7AF8A1C1-C8E1-4753-8C67-72344080AB58}"
EndProject
Global
	GlobalSection(SolutionConfigurationPlatforms) = preSolution
		Debug|Any CPU = Debug|Any CPU
		Release|Any CPU = Release|Any CPU
	EndGlobalSection
	GlobalSection(ProjectConfigurationPlatforms) = postSolution
		{D411EA4F-4928-48D0-B985-8C103E7167CD}.Debug|Any CPU.ActiveCfg = Debug|Any CPU
		{D411EA4F-4928-48D0-B985-8C103E7167CD}.Debug|Any CPU.Build.0 = Debug|Any CPU
		{D411EA4F-4928-48D0-B985-8C103E7167CD}.Release|Any CPU.ActiveCfg = Release|Any CPU
		{D411EA4F-4928-48D0-B985-8C103E7167CD}.Release|Any CPU.Build.0 = Release|Any CPU
		{8EAE2B48-EF1F-44F5-9407-C1A08DE7EEE6}.Debug|Any CPU.ActiveCfg = Debug|Any CPU
		{8EAE2B48-EF1F-44F5-9407-C1A08DE7EEE6}.Debug|Any CPU.Build.0 = Debug|Any CPU
		{8EAE2B48-EF1F-44F5-9407-C1A08DE7EEE6}.Release|Any CPU.ActiveCfg = Release|Any CPU
		{8EAE2B48-EF1F-44F5-9407-C1A08DE7EEE6}.Release|Any CPU.Build.0 = Release|Any CPU
		{D6910987-39B6-40F7-8ECB-7F4708E907B7}.Debug|Any CPU.ActiveCfg = Debug|Any CPU
		{D6910987-39B6-40F7-8ECB-7F4708E907B7}.Debug|Any CPU.Build.0 = Debug|Any CPU
		{D6910987-39B6-40F7-8ECB-7F4708E907B7}.Release|Any CPU.ActiveCfg = Release|Any CPU
		{D6910987-39B6-40F7-8ECB-7F4708E907B7}.Release|Any CPU.Build.0 = Release|Any CPU
		{A3667B59-979A-4B6F-BA07-85C98CD2F50B}.Debug|Any CPU.ActiveCfg = Debug|Any CPU
		{A3667B59-979A-4B6F-BA07-85C98CD2F50B}.Debug|Any CPU.Build.0 = Debug|Any CPU
		{A3667B59-979A-4B6F-BA07-85C98CD2F50B}.Release|Any CPU.ActiveCfg = Release|Any CPU
		{A3667B59-979A-4B6F-BA07-85C98CD2F50B}.Release|Any CPU.Build.0 = Release|Any CPU
		{AD0FBD0E-EACB-49BB-8CD0-52EEAA951533}.Debug|Any CPU.ActiveCfg = Debug|Any CPU
		{AD0FBD0E-EACB-49BB-8CD0-52EEAA951533}.Debug|Any CPU.Build.0 = Debug|Any CPU
		{AD0FBD0E-EACB-49BB-8CD0-52EEAA951533}.Release|Any CPU.ActiveCfg = Release|Any CPU
		{AD0FBD0E-EACB-49BB-8CD0-52EEAA951533}.Release|Any CPU.Build.0 = Release|Any CPU
		{7CCB3401-7F76-4ABB-A079-F706DDB8B231}.Debug|Any CPU.ActiveCfg = Debug|Any CPU
		{7CCB3401-7F76-4ABB-A079-F706DDB8B231}.Debug|Any CPU.Build.0 = Debug|Any CPU
		{7CCB3401-7F76-4ABB-A079-F706DDB8B231}.Release|Any CPU.ActiveCfg = Release|Any CPU
		{7CCB3401-7F76-4ABB-A079-F706DDB8B231}.Release|Any CPU.Build.0 = Release|Any CPU
		{C042998B-AC35-407D-8F7A-44D2E97553DC}.Debug|Any CPU.ActiveCfg = Debug|Any CPU
		{C042998B-AC35-407D-8F7A-44D2E97553DC}.Debug|Any CPU.Build.0 = Debug|Any CPU
		{C042998B-AC35-407D-8F7A-44D2E97553DC}.Release|Any CPU.ActiveCfg = Release|Any CPU
		{C042998B-AC35-407D-8F7A-44D2E97553DC}.Release|Any CPU.Build.0 = Release|Any CPU
		{539611F2-8155-4C6A-9AC0-7486785F0DB1}.Debug|Any CPU.ActiveCfg = Debug|Any CPU
		{539611F2-8155-4C6A-9AC0-7486785F0DB1}.Debug|Any CPU.Build.0 = Debug|Any CPU
		{539611F2-8155-4C6A-9AC0-7486785F0DB1}.Release|Any CPU.ActiveCfg = Release|Any CPU
		{539611F2-8155-4C6A-9AC0-7486785F0DB1}.Release|Any CPU.Build.0 = Release|Any CPU
		{218CA363-860C-4890-8FF2-F501DD7A6366}.Debug|Any CPU.ActiveCfg = Debug|Any CPU
		{218CA363-860C-4890-8FF2-F501DD7A6366}.Debug|Any CPU.Build.0 = Debug|Any CPU
		{218CA363-860C-4890-8FF2-F501DD7A6366}.Release|Any CPU.ActiveCfg = Release|Any CPU
		{218CA363-860C-4890-8FF2-F501DD7A6366}.Release|Any CPU.Build.0 = Release|Any CPU
		{C2DF5DDA-5BBD-49FE-8B97-C88950A79F96}.Debug|Any CPU.ActiveCfg = Debug|Any CPU
		{C2DF5DDA-5BBD-49FE-8B97-C88950A79F96}.Debug|Any CPU.Build.0 = Debug|Any CPU
		{C2DF5DDA-5BBD-49FE-8B97-C88950A79F96}.Release|Any CPU.ActiveCfg = Release|Any CPU
		{C2DF5DDA-5BBD-49FE-8B97-C88950A79F96}.Release|Any CPU.Build.0 = Release|Any CPU
		{43426302-EF88-4C9A-835C-26CBFAE2F36D}.Debug|Any CPU.ActiveCfg = Debug|Any CPU
		{43426302-EF88-4C9A-835C-26CBFAE2F36D}.Debug|Any CPU.Build.0 = Debug|Any CPU
		{43426302-EF88-4C9A-835C-26CBFAE2F36D}.Release|Any CPU.ActiveCfg = Release|Any CPU
		{43426302-EF88-4C9A-835C-26CBFAE2F36D}.Release|Any CPU.Build.0 = Release|Any CPU
		{C577C10D-C2D9-4696-B04C-CF3ED3323586}.Debug|Any CPU.ActiveCfg = Debug|Any CPU
		{C577C10D-C2D9-4696-B04C-CF3ED3323586}.Debug|Any CPU.Build.0 = Debug|Any CPU
		{C577C10D-C2D9-4696-B04C-CF3ED3323586}.Release|Any CPU.ActiveCfg = Release|Any CPU
		{C577C10D-C2D9-4696-B04C-CF3ED3323586}.Release|Any CPU.Build.0 = Release|Any CPU
		{7B6C2089-770A-488D-A1C0-65BC18B7941C}.Debug|Any CPU.ActiveCfg = Debug|Any CPU
		{7B6C2089-770A-488D-A1C0-65BC18B7941C}.Debug|Any CPU.Build.0 = Debug|Any CPU
		{7B6C2089-770A-488D-A1C0-65BC18B7941C}.Release|Any CPU.ActiveCfg = Release|Any CPU
		{7B6C2089-770A-488D-A1C0-65BC18B7941C}.Release|Any CPU.Build.0 = Release|Any CPU
		{42FD7961-D0E1-4295-9914-E455269490FF}.Debug|Any CPU.ActiveCfg = Debug|Any CPU
		{42FD7961-D0E1-4295-9914-E455269490FF}.Debug|Any CPU.Build.0 = Debug|Any CPU
		{42FD7961-D0E1-4295-9914-E455269490FF}.Release|Any CPU.ActiveCfg = Release|Any CPU
		{42FD7961-D0E1-4295-9914-E455269490FF}.Release|Any CPU.Build.0 = Release|Any CPU
		{7A8BABB7-DE88-49FA-9E89-2AA330BF1E3A}.Debug|Any CPU.ActiveCfg = Debug|Any CPU
		{7A8BABB7-DE88-49FA-9E89-2AA330BF1E3A}.Debug|Any CPU.Build.0 = Debug|Any CPU
		{7A8BABB7-DE88-49FA-9E89-2AA330BF1E3A}.Release|Any CPU.ActiveCfg = Release|Any CPU
		{7A8BABB7-DE88-49FA-9E89-2AA330BF1E3A}.Release|Any CPU.Build.0 = Release|Any CPU
		{B4C5600A-7FBF-4067-93A5-CBE3D10B67FC}.Debug|Any CPU.ActiveCfg = Debug|Any CPU
		{B4C5600A-7FBF-4067-93A5-CBE3D10B67FC}.Debug|Any CPU.Build.0 = Debug|Any CPU
		{B4C5600A-7FBF-4067-93A5-CBE3D10B67FC}.Release|Any CPU.ActiveCfg = Release|Any CPU
		{B4C5600A-7FBF-4067-93A5-CBE3D10B67FC}.Release|Any CPU.Build.0 = Release|Any CPU
		{FC568C0A-22DF-4546-BF05-5E0D07EDA123}.Debug|Any CPU.ActiveCfg = Debug|Any CPU
		{FC568C0A-22DF-4546-BF05-5E0D07EDA123}.Debug|Any CPU.Build.0 = Debug|Any CPU
		{FC568C0A-22DF-4546-BF05-5E0D07EDA123}.Release|Any CPU.ActiveCfg = Release|Any CPU
		{FC568C0A-22DF-4546-BF05-5E0D07EDA123}.Release|Any CPU.Build.0 = Release|Any CPU
		{B06F9AC6-FDD1-4B71-B594-A6E4CB28A195}.Debug|Any CPU.ActiveCfg = Debug|Any CPU
		{B06F9AC6-FDD1-4B71-B594-A6E4CB28A195}.Debug|Any CPU.Build.0 = Debug|Any CPU
		{B06F9AC6-FDD1-4B71-B594-A6E4CB28A195}.Release|Any CPU.ActiveCfg = Release|Any CPU
		{B06F9AC6-FDD1-4B71-B594-A6E4CB28A195}.Release|Any CPU.Build.0 = Release|Any CPU
		{0C641A1F-569F-45FD-9CA2-C3255D33AC8A}.Debug|Any CPU.ActiveCfg = Debug|Any CPU
		{0C641A1F-569F-45FD-9CA2-C3255D33AC8A}.Debug|Any CPU.Build.0 = Debug|Any CPU
		{0C641A1F-569F-45FD-9CA2-C3255D33AC8A}.Release|Any CPU.ActiveCfg = Release|Any CPU
		{0C641A1F-569F-45FD-9CA2-C3255D33AC8A}.Release|Any CPU.Build.0 = Release|Any CPU
		{7AF8A1C1-C8E1-4753-8C67-72344080AB58}.Debug|Any CPU.ActiveCfg = Debug|Any CPU
		{7AF8A1C1-C8E1-4753-8C67-72344080AB58}.Debug|Any CPU.Build.0 = Debug|Any CPU
		{7AF8A1C1-C8E1-4753-8C67-72344080AB58}.Release|Any CPU.ActiveCfg = Release|Any CPU
		{7AF8A1C1-C8E1-4753-8C67-72344080AB58}.Release|Any CPU.Build.0 = Release|Any CPU
	EndGlobalSection
	GlobalSection(NestedProjects) = preSolution
		{D411EA4F-4928-48D0-B985-8C103E7167CD} = {D5A6FE99-2527-4BF1-900B-E497792CBA42}
		{8EAE2B48-EF1F-44F5-9407-C1A08DE7EEE6} = {D5A6FE99-2527-4BF1-900B-E497792CBA42}
		{D6910987-39B6-40F7-8ECB-7F4708E907B7} = {9F201A36-96AD-413E-A527-16EBAB72903C}
		{A3667B59-979A-4B6F-BA07-85C98CD2F50B} = {DDCC04E2-3E5B-4BCC-81D9-EDC018DAB193}
		{AD0FBD0E-EACB-49BB-8CD0-52EEAA951533} = {9F201A36-96AD-413E-A527-16EBAB72903C}
		{7CCB3401-7F76-4ABB-A079-F706DDB8B231} = {9F201A36-96AD-413E-A527-16EBAB72903C}
		{C042998B-AC35-407D-8F7A-44D2E97553DC} = {DDCC04E2-3E5B-4BCC-81D9-EDC018DAB193}
		{C249F754-3FA7-4E74-93AD-395F751AA54F} = {DDCC04E2-3E5B-4BCC-81D9-EDC018DAB193}
		{539611F2-8155-4C6A-9AC0-7486785F0DB1} = {DDCC04E2-3E5B-4BCC-81D9-EDC018DAB193}
		{218CA363-860C-4890-8FF2-F501DD7A6366} = {DDCC04E2-3E5B-4BCC-81D9-EDC018DAB193}
		{C2DF5DDA-5BBD-49FE-8B97-C88950A79F96} = {11EA7338-3D5C-44E5-AFF2-591C17B4A846}
		{43426302-EF88-4C9A-835C-26CBFAE2F36D} = {11EA7338-3D5C-44E5-AFF2-591C17B4A846}
		{C577C10D-C2D9-4696-B04C-CF3ED3323586} = {11EA7338-3D5C-44E5-AFF2-591C17B4A846}
		{7B6C2089-770A-488D-A1C0-65BC18B7941C} = {11EA7338-3D5C-44E5-AFF2-591C17B4A846}
		{42FD7961-D0E1-4295-9914-E455269490FF} = {11EA7338-3D5C-44E5-AFF2-591C17B4A846}
		{7A8BABB7-DE88-49FA-9E89-2AA330BF1E3A} = {11EA7338-3D5C-44E5-AFF2-591C17B4A846}
		{B4C5600A-7FBF-4067-93A5-CBE3D10B67FC} = {48864D28-F2C1-411D-AFCF-52EFC5D6EB9A}
		{FC568C0A-22DF-4546-BF05-5E0D07EDA123} = {48864D28-F2C1-411D-AFCF-52EFC5D6EB9A}
		{B06F9AC6-FDD1-4B71-B594-A6E4CB28A195} = {48864D28-F2C1-411D-AFCF-52EFC5D6EB9A}
		{0C641A1F-569F-45FD-9CA2-C3255D33AC8A} = {48864D28-F2C1-411D-AFCF-52EFC5D6EB9A}
		{7AF8A1C1-C8E1-4753-8C67-72344080AB58} = {819B6D0B-9C88-4AB1-BD92-793BB475BD92}
	EndGlobalSection
EndGlobal
